PODS:
  - Alamofire (5.2.2)
  - Kingfisher (5.15.6):
    - Kingfisher/Core (= 5.15.6)
  - Kingfisher/Core (5.15.6)
  - Moya (14.0.0):
    - Moya/Core (= 14.0.0)
  - Moya/Core (14.0.0):
    - Alamofire (~> 5.0)
  - UIScrollView-InfiniteScroll (1.1.0)

DEPENDENCIES:
  - Kingfisher
  - Moya
  - UIScrollView-InfiniteScroll

SPEC REPOS:
  trunk:
    - Alamofire
    - Kingfisher
    - Moya
    - UIScrollView-InfiniteScroll

SPEC CHECKSUMS:
  Alamofire: 814429acc853c6c54ff123fc3d2ef66803823ce0
  Kingfisher: b3554e7bf6106115b44e8795300bad580ef2fdc7
  Moya: 5b45dacb75adb009f97fde91c204c1e565d31916
  UIScrollView-InfiniteScroll: 3ef456bcbe759c19f510a383cff96e6647c98c98

PODFILE CHECKSUM: 6ae72820a920774bc6fbba05ac869fa4618984c5

COCOAPODS: 1.9.1
