// !$*UTF8*$!
{
	archiveVersion = 1;
	classes = {
	};
	objectVersion = 51;
	objects = {

/* Begin PBXBuildFile section */
		2649F1C92563C2800018B9DC /* CoreDataManager.swift in Sources */ = {isa = PBXBuildFile; fileRef = 2649F1C82563C2800018B9DC /* CoreDataManager.swift */; };
		266862482562AD040057109F /* MovieListViewController.swift in Sources */ = {isa = PBXBuildFile; fileRef = 266862472562AD040057109F /* MovieListViewController.swift */; };
		2668624B2562AD360057109F /* MovieDetailsViewController.swift in Sources */ = {isa = PBXBuildFile; fileRef = 2668624A2562AD360057109F /* MovieDetailsViewController.swift */; };
		2668624F2562B2BC0057109F /* MovieTableViewCell.swift in Sources */ = {isa = PBXBuildFile; fileRef = 2668624D2562B2BC0057109F /* MovieTableViewCell.swift */; };
		266862502562B2BC0057109F /* MovieTableViewCell.xib in Resources */ = {isa = PBXBuildFile; fileRef = 2668624E2562B2BC0057109F /* MovieTableViewCell.xib */; };
		266862562562D40F0057109F /* ModelTVList.swift in Sources */ = {isa = PBXBuildFile; fileRef = 266862552562D40F0057109F /* ModelTVList.swift */; };
		266862592563041A0057109F /* Constants.swift in Sources */ = {isa = PBXBuildFile; fileRef = 266862582563041A0057109F /* Constants.swift */; };
		2668625A256306A50057109F /* MovieServices.swift in Sources */ = {isa = PBXBuildFile; fileRef = 266862522562C3B10057109F /* MovieServices.swift */; };
		2668625E256307E80057109F /* MovieListViewModel.swift in Sources */ = {isa = PBXBuildFile; fileRef = 2668625D256307E80057109F /* MovieListViewModel.swift */; };
		26686260256308260057109F /* MovieListViewModelImp.swift in Sources */ = {isa = PBXBuildFile; fileRef = 2668625F256308260057109F /* MovieListViewModelImp.swift */; };
		2668626225630AE80057109F /* Dynamic.swift in Sources */ = {isa = PBXBuildFile; fileRef = 2668626125630AE80057109F /* Dynamic.swift */; };
		26E5AFAD2561817C00F590F0 /* AppDelegate.swift in Sources */ = {isa = PBXBuildFile; fileRef = 26E5AFAC2561817C00F590F0 /* AppDelegate.swift */; };
		26E5AFAF2561817C00F590F0 /* SceneDelegate.swift in Sources */ = {isa = PBXBuildFile; fileRef = 26E5AFAE2561817C00F590F0 /* SceneDelegate.swift */; };
		26E5AFB12561817C00F590F0 /* ViewController.swift in Sources */ = {isa = PBXBuildFile; fileRef = 26E5AFB02561817C00F590F0 /* ViewController.swift */; };
		26E5AFB42561817C00F590F0 /* Main.storyboard in Resources */ = {isa = PBXBuildFile; fileRef = 26E5AFB22561817C00F590F0 /* Main.storyboard */; };
		26E5AFB72561817C00F590F0 /* MovieApp.xcdatamodeld in Sources */ = {isa = PBXBuildFile; fileRef = 26E5AFB52561817C00F590F0 /* MovieApp.xcdatamodeld */; };
		26E5AFB92561817F00F590F0 /* Assets.xcassets in Resources */ = {isa = PBXBuildFile; fileRef = 26E5AFB82561817F00F590F0 /* Assets.xcassets */; };
		26E5AFBC2561817F00F590F0 /* LaunchScreen.storyboard in Resources */ = {isa = PBXBuildFile; fileRef = 26E5AFBA2561817F00F590F0 /* LaunchScreen.storyboard */; };
		26E5AFC72561818000F590F0 /* MovieAppTests.swift in Sources */ = {isa = PBXBuildFile; fileRef = 26E5AFC62561818000F590F0 /* MovieAppTests.swift */; };
		C407623664CCC2A05EB1A1A3 /* Pods_MovieApp.framework in Frameworks */ = {isa = PBXBuildFile; fileRef = 4983478486B0FBA32CC555C3 /* Pods_MovieApp.framework */; };
		D05D140C1F0CA2FB64706D48 /* Pods_MovieAppTests.framework in Frameworks */ = {isa = PBXBuildFile; fileRef = 438977F4042E6311FA6B85FD /* Pods_MovieAppTests.framework */; };
/* End PBXBuildFile section */

/* Begin PBXContainerItemProxy section */
		26E5AFC32561818000F590F0 /* PBXContainerItemProxy */ = {
			isa = PBXContainerItemProxy;
			containerPortal = 26E5AFA12561817C00F590F0 /* Project object */;
			proxyType = 1;
			remoteGlobalIDString = 26E5AFA82561817C00F590F0;
			remoteInfo = MovieApp;
		};
/* End PBXContainerItemProxy section */

/* Begin PBXFileReference section */
		2649F1C82563C2800018B9DC /* CoreDataManager.swift */ = {isa = PBXFileReference; lastKnownFileType = sourcecode.swift; path = CoreDataManager.swift; sourceTree = "<group>"; };
		266862472562AD040057109F /* MovieListViewController.swift */ = {isa = PBXFileReference; lastKnownFileType = sourcecode.swift; path = MovieListViewController.swift; sourceTree = "<group>"; };
		2668624A2562AD360057109F /* MovieDetailsViewController.swift */ = {isa = PBXFileReference; lastKnownFileType = sourcecode.swift; path = MovieDetailsViewController.swift; sourceTree = "<group>"; };
		2668624D2562B2BC0057109F /* MovieTableViewCell.swift */ = {isa = PBXFileReference; lastKnownFileType = sourcecode.swift; path = MovieTableViewCell.swift; sourceTree = "<group>"; };
		2668624E2562B2BC0057109F /* MovieTableViewCell.xib */ = {isa = PBXFileReference; lastKnownFileType = file.xib; path = MovieTableViewCell.xib; sourceTree = "<group>"; };
		266862522562C3B10057109F /* MovieServices.swift */ = {isa = PBXFileReference; lastKnownFileType = sourcecode.swift; path = MovieServices.swift; sourceTree = "<group>"; };
		266862552562D40F0057109F /* ModelTVList.swift */ = {isa = PBXFileReference; lastKnownFileType = sourcecode.swift; path = ModelTVList.swift; sourceTree = "<group>"; };
		266862582563041A0057109F /* Constants.swift */ = {isa = PBXFileReference; lastKnownFileType = sourcecode.swift; path = Constants.swift; sourceTree = "<group>"; };
		2668625D256307E80057109F /* MovieListViewModel.swift */ = {isa = PBXFileReference; lastKnownFileType = sourcecode.swift; path = MovieListViewModel.swift; sourceTree = "<group>"; };
		2668625F256308260057109F /* MovieListViewModelImp.swift */ = {isa = PBXFileReference; lastKnownFileType = sourcecode.swift; path = MovieListViewModelImp.swift; sourceTree = "<group>"; };
		2668626125630AE80057109F /* Dynamic.swift */ = {isa = PBXFileReference; lastKnownFileType = sourcecode.swift; path = Dynamic.swift; sourceTree = "<group>"; };
		26E5AFA92561817C00F590F0 /* MovieApp.app */ = {isa = PBXFileReference; explicitFileType = wrapper.application; includeInIndex = 0; path = MovieApp.app; sourceTree = BUILT_PRODUCTS_DIR; };
		26E5AFAC2561817C00F590F0 /* AppDelegate.swift */ = {isa = PBXFileReference; lastKnownFileType = sourcecode.swift; path = AppDelegate.swift; sourceTree = "<group>"; };
		26E5AFAE2561817C00F590F0 /* SceneDelegate.swift */ = {isa = PBXFileReference; lastKnownFileType = sourcecode.swift; path = SceneDelegate.swift; sourceTree = "<group>"; };
		26E5AFB02561817C00F590F0 /* ViewController.swift */ = {isa = PBXFileReference; lastKnownFileType = sourcecode.swift; path = ViewController.swift; sourceTree = "<group>"; };
		26E5AFB32561817C00F590F0 /* Base */ = {isa = PBXFileReference; lastKnownFileType = file.storyboard; name = Base; path = Base.lproj/Main.storyboard; sourceTree = "<group>"; };
		26E5AFB62561817C00F590F0 /* MovieApp.xcdatamodel */ = {isa = PBXFileReference; lastKnownFileType = wrapper.xcdatamodel; path = MovieApp.xcdatamodel; sourceTree = "<group>"; };
		26E5AFB82561817F00F590F0 /* Assets.xcassets */ = {isa = PBXFileReference; lastKnownFileType = folder.assetcatalog; path = Assets.xcassets; sourceTree = "<group>"; };
		26E5AFBB2561817F00F590F0 /* Base */ = {isa = PBXFileReference; lastKnownFileType = file.storyboard; name = Base; path = Base.lproj/LaunchScreen.storyboard; sourceTree = "<group>"; };
		26E5AFBD2561817F00F590F0 /* Info.plist */ = {isa = PBXFileReference; lastKnownFileType = text.plist.xml; path = Info.plist; sourceTree = "<group>"; };
		26E5AFC22561818000F590F0 /* MovieAppTests.xctest */ = {isa = PBXFileReference; explicitFileType = wrapper.cfbundle; includeInIndex = 0; path = MovieAppTests.xctest; sourceTree = BUILT_PRODUCTS_DIR; };
		26E5AFC62561818000F590F0 /* MovieAppTests.swift */ = {isa = PBXFileReference; lastKnownFileType = sourcecode.swift; path = MovieAppTests.swift; sourceTree = "<group>"; };
		26E5AFC82561818000F590F0 /* Info.plist */ = {isa = PBXFileReference; lastKnownFileType = text.plist.xml; path = Info.plist; sourceTree = "<group>"; };
		3DD27914E1299A3467129DF2 /* Pods-MovieApp.debug.xcconfig */ = {isa = PBXFileReference; includeInIndex = 1; lastKnownFileType = text.xcconfig; name = "Pods-MovieApp.debug.xcconfig"; path = "Target Support Files/Pods-MovieApp/Pods-MovieApp.debug.xcconfig"; sourceTree = "<group>"; };
		438977F4042E6311FA6B85FD /* Pods_MovieAppTests.framework */ = {isa = PBXFileReference; explicitFileType = wrapper.framework; includeInIndex = 0; path = Pods_MovieAppTests.framework; sourceTree = BUILT_PRODUCTS_DIR; };
		4983478486B0FBA32CC555C3 /* Pods_MovieApp.framework */ = {isa = PBXFileReference; explicitFileType = wrapper.framework; includeInIndex = 0; path = Pods_MovieApp.framework; sourceTree = BUILT_PRODUCTS_DIR; };
		A4EDB2852E725FA084AEFC77 /* Pods-MovieApp.release.xcconfig */ = {isa = PBXFileReference; includeInIndex = 1; lastKnownFileType = text.xcconfig; name = "Pods-MovieApp.release.xcconfig"; path = "Target Support Files/Pods-MovieApp/Pods-MovieApp.release.xcconfig"; sourceTree = "<group>"; };
		CEC854E57B767BE227CC3622 /* Pods-MovieAppTests.release.xcconfig */ = {isa = PBXFileReference; includeInIndex = 1; lastKnownFileType = text.xcconfig; name = "Pods-MovieAppTests.release.xcconfig"; path = "Target Support Files/Pods-MovieAppTests/Pods-MovieAppTests.release.xcconfig"; sourceTree = "<group>"; };
		E93465D4B480BEF00279CDF4 /* Pods-MovieAppTests.debug.xcconfig */ = {isa = PBXFileReference; includeInIndex = 1; lastKnownFileType = text.xcconfig; name = "Pods-MovieAppTests.debug.xcconfig"; path = "Target Support Files/Pods-MovieAppTests/Pods-MovieAppTests.debug.xcconfig"; sourceTree = "<group>"; };
/* End PBXFileReference section */

/* Begin PBXFrameworksBuildPhase section */
		26E5AFA62561817C00F590F0 /* Frameworks */ = {
			isa = PBXFrameworksBuildPhase;
			buildActionMask = 2147483647;
			files = (
				C407623664CCC2A05EB1A1A3 /* Pods_MovieApp.framework in Frameworks */,
			);
			runOnlyForDeploymentPostprocessing = 0;
		};
		26E5AFBF2561818000F590F0 /* Frameworks */ = {
			isa = PBXFrameworksBuildPhase;
			buildActionMask = 2147483647;
			files = (
				D05D140C1F0CA2FB64706D48 /* Pods_MovieAppTests.framework in Frameworks */,
			);
			runOnlyForDeploymentPostprocessing = 0;
		};
/* End PBXFrameworksBuildPhase section */

/* Begin PBXGroup section */
		2649F1C72563C2660018B9DC /* CoreData */ = {
			isa = PBXGroup;
			children = (
				2649F1C82563C2800018B9DC /* CoreDataManager.swift */,
			);
			path = CoreData;
			sourceTree = "<group>";
		};
		266862452562AB750057109F /* Storyboard */ = {
			isa = PBXGroup;
			children = (
				26E5AFBA2561817F00F590F0 /* LaunchScreen.storyboard */,
				26E5AFB22561817C00F590F0 /* Main.storyboard */,
			);
			path = Storyboard;
			sourceTree = "<group>";
		};
		266862462562ACEB0057109F /* Modules */ = {
			isa = PBXGroup;
			children = (
				2668625C256307BC0057109F /* MovieDetails */,
				2668625B256307B20057109F /* MovieList */,
			);
			path = Modules;
			sourceTree = "<group>";
		};
		2668624C2562B2990057109F /* CustomCell */ = {
			isa = PBXGroup;
			children = (
				2668624D2562B2BC0057109F /* MovieTableViewCell.swift */,
				2668624E2562B2BC0057109F /* MovieTableViewCell.xib */,
			);
			path = CustomCell;
			sourceTree = "<group>";
		};
		266862512562C3890057109F /* Services */ = {
			isa = PBXGroup;
			children = (
				266862522562C3B10057109F /* MovieServices.swift */,
			);
			path = Services;
			sourceTree = "<group>";
		};
		266862542562D3F60057109F /* Model */ = {
			isa = PBXGroup;
			children = (
				266862552562D40F0057109F /* ModelTVList.swift */,
			);
			path = Model;
			sourceTree = "<group>";
		};
		26686257256304010057109F /* Utilities */ = {
			isa = PBXGroup;
			children = (
				266862582563041A0057109F /* Constants.swift */,
				2668626125630AE80057109F /* Dynamic.swift */,
			);
			path = Utilities;
			sourceTree = "<group>";
		};
		2668625B256307B20057109F /* MovieList */ = {
			isa = PBXGroup;
			children = (
				266862472562AD040057109F /* MovieListViewController.swift */,
				2668625D256307E80057109F /* MovieListViewModel.swift */,
				2668625F256308260057109F /* MovieListViewModelImp.swift */,
			);
			path = MovieList;
			sourceTree = "<group>";
		};
		2668625C256307BC0057109F /* MovieDetails */ = {
			isa = PBXGroup;
			children = (
				2668624A2562AD360057109F /* MovieDetailsViewController.swift */,
			);
			path = MovieDetails;
			sourceTree = "<group>";
		};
		26E5AFA02561817C00F590F0 = {
			isa = PBXGroup;
			children = (
				26E5AFAB2561817C00F590F0 /* MovieApp */,
				26E5AFC52561818000F590F0 /* MovieAppTests */,
				26E5AFAA2561817C00F590F0 /* Products */,
				F1EBD9D445CDDEA9E5CA9BD6 /* Pods */,
				EEFD988DB709ADCCA57E4B16 /* Frameworks */,
			);
			sourceTree = "<group>";
		};
		26E5AFAA2561817C00F590F0 /* Products */ = {
			isa = PBXGroup;
			children = (
				26E5AFA92561817C00F590F0 /* MovieApp.app */,
				26E5AFC22561818000F590F0 /* MovieAppTests.xctest */,
			);
			name = Products;
			sourceTree = "<group>";
		};
		26E5AFAB2561817C00F590F0 /* MovieApp */ = {
			isa = PBXGroup;
			children = (
				2649F1C72563C2660018B9DC /* CoreData */,
				26686257256304010057109F /* Utilities */,
				266862542562D3F60057109F /* Model */,
				266862512562C3890057109F /* Services */,
				2668624C2562B2990057109F /* CustomCell */,
				266862462562ACEB0057109F /* Modules */,
				266862452562AB750057109F /* Storyboard */,
				26E5AFAC2561817C00F590F0 /* AppDelegate.swift */,
				26E5AFAE2561817C00F590F0 /* SceneDelegate.swift */,
				26E5AFB02561817C00F590F0 /* ViewController.swift */,
				26E5AFB82561817F00F590F0 /* Assets.xcassets */,
				26E5AFBD2561817F00F590F0 /* Info.plist */,
				26E5AFB52561817C00F590F0 /* MovieApp.xcdatamodeld */,
			);
			path = MovieApp;
			sourceTree = "<group>";
		};
		26E5AFC52561818000F590F0 /* MovieAppTests */ = {
			isa = PBXGroup;
			children = (
				26E5AFC62561818000F590F0 /* MovieAppTests.swift */,
				26E5AFC82561818000F590F0 /* Info.plist */,
			);
			path = MovieAppTests;
			sourceTree = "<group>";
		};
		EEFD988DB709ADCCA57E4B16 /* Frameworks */ = {
			isa = PBXGroup;
			children = (
				4983478486B0FBA32CC555C3 /* Pods_MovieApp.framework */,
				438977F4042E6311FA6B85FD /* Pods_MovieAppTests.framework */,
			);
			name = Frameworks;
			sourceTree = "<group>";
		};
		F1EBD9D445CDDEA9E5CA9BD6 /* Pods */ = {
			isa = PBXGroup;
			children = (
				3DD27914E1299A3467129DF2 /* Pods-MovieApp.debug.xcconfig */,
				A4EDB2852E725FA084AEFC77 /* Pods-MovieApp.release.xcconfig */,
				E93465D4B480BEF00279CDF4 /* Pods-MovieAppTests.debug.xcconfig */,
				CEC854E57B767BE227CC3622 /* Pods-MovieAppTests.release.xcconfig */,
			);
			path = Pods;
			sourceTree = "<group>";
		};
/* End PBXGroup section */

/* Begin PBXNativeTarget section */
		26E5AFA82561817C00F590F0 /* MovieApp */ = {
			isa = PBXNativeTarget;
			buildConfigurationList = 26E5AFCB2561818000F590F0 /* Build configuration list for PBXNativeTarget "MovieApp" */;
			buildPhases = (
				B5FD0CCA73C36786BDB55B0D /* [CP] Check Pods Manifest.lock */,
				26E5AFA52561817C00F590F0 /* Sources */,
				26E5AFA62561817C00F590F0 /* Frameworks */,
				26E5AFA72561817C00F590F0 /* Resources */,
				2300294C1F2DE5DC3B4C5F5B /* [CP] Embed Pods Frameworks */,
			);
			buildRules = (
			);
			dependencies = (
			);
			name = MovieApp;
			productName = MovieApp;
			productReference = 26E5AFA92561817C00F590F0 /* MovieApp.app */;
			productType = "com.apple.product-type.application";
		};
		26E5AFC12561818000F590F0 /* MovieAppTests */ = {
			isa = PBXNativeTarget;
			buildConfigurationList = 26E5AFCE2561818000F590F0 /* Build configuration list for PBXNativeTarget "MovieAppTests" */;
			buildPhases = (
				0DE19561EE2C2EF4AAF3245F /* [CP] Check Pods Manifest.lock */,
				26E5AFBE2561818000F590F0 /* Sources */,
				26E5AFBF2561818000F590F0 /* Frameworks */,
				26E5AFC02561818000F590F0 /* Resources */,
			);
			buildRules = (
			);
			dependencies = (
				26E5AFC42561818000F590F0 /* PBXTargetDependency */,
			);
			name = MovieAppTests;
			productName = MovieAppTests;
			productReference = 26E5AFC22561818000F590F0 /* MovieAppTests.xctest */;
			productType = "com.apple.product-type.bundle.unit-test";
		};
/* End PBXNativeTarget section */

/* Begin PBXProject section */
		26E5AFA12561817C00F590F0 /* Project object */ = {
			isa = PBXProject;
			attributes = {
				LastSwiftUpdateCheck = 1140;
				LastUpgradeCheck = 1140;
				ORGANIZATIONNAME = Movie;
				TargetAttributes = {
					26E5AFA82561817C00F590F0 = {
						CreatedOnToolsVersion = 11.4.1;
					};
					26E5AFC12561818000F590F0 = {
						CreatedOnToolsVersion = 11.4.1;
						TestTargetID = 26E5AFA82561817C00F590F0;
					};
				};
			};
			buildConfigurationList = 26E5AFA42561817C00F590F0 /* Build configuration list for PBXProject "MovieApp" */;
			compatibilityVersion = "Xcode 9.3";
			developmentRegion = en;
			hasScannedForEncodings = 0;
			knownRegions = (
				en,
				Base,
			);
			mainGroup = 26E5AFA02561817C00F590F0;
			productRefGroup = 26E5AFAA2561817C00F590F0 /* Products */;
			projectDirPath = "";
			projectRoot = "";
			targets = (
				26E5AFA82561817C00F590F0 /* MovieApp */,
				26E5AFC12561818000F590F0 /* MovieAppTests */,
			);
		};
/* End PBXProject section */

/* Begin PBXResourcesBuildPhase section */
		26E5AFA72561817C00F590F0 /* Resources */ = {
			isa = PBXResourcesBuildPhase;
			buildActionMask = 2147483647;
			files = (
				26E5AFBC2561817F00F590F0 /* LaunchScreen.storyboard in Resources */,
				26E5AFB92561817F00F590F0 /* Assets.xcassets in Resources */,
				266862502562B2BC0057109F /* MovieTableViewCell.xib in Resources */,
				26E5AFB42561817C00F590F0 /* Main.storyboard in Resources */,
			);
			runOnlyForDeploymentPostprocessing = 0;
		};
		26E5AFC02561818000F590F0 /* Resources */ = {
			isa = PBXResourcesBuildPhase;
			buildActionMask = 2147483647;
			files = (
			);
			runOnlyForDeploymentPostprocessing = 0;
		};
/* End PBXResourcesBuildPhase section */

/* Begin PBXShellScriptBuildPhase section */
		0DE19561EE2C2EF4AAF3245F /* [CP] Check Pods Manifest.lock */ = {
			isa = PBXShellScriptBuildPhase;
			buildActionMask = 2147483647;
			files = (
			);
			inputFileListPaths = (
			);
			inputPaths = (
				"${PODS_PODFILE_DIR_PATH}/Podfile.lock",
				"${PODS_ROOT}/Manifest.lock",
			);
			name = "[CP] Check Pods Manifest.lock";
			outputFileListPaths = (
			);
			outputPaths = (
				"$(DERIVED_FILE_DIR)/Pods-MovieAppTests-checkManifestLockResult.txt",
			);
			runOnlyForDeploymentPostprocessing = 0;
			shellPath = /bin/sh;
			shellScript = "diff \"${PODS_PODFILE_DIR_PATH}/Podfile.lock\" \"${PODS_ROOT}/Manifest.lock\" > /dev/null\nif [ $? != 0 ] ; then\n    # print error to STDERR\n    echo \"error: The sandbox is not in sync with the Podfile.lock. Run 'pod install' or update your CocoaPods installation.\" >&2\n    exit 1\nfi\n# This output is used by Xcode 'outputs' to avoid re-running this script phase.\necho \"SUCCESS\" > \"${SCRIPT_OUTPUT_FILE_0}\"\n";
			showEnvVarsInLog = 0;
		};
		2300294C1F2DE5DC3B4C5F5B /* [CP] Embed Pods Frameworks */ = {
			isa = PBXShellScriptBuildPhase;
			buildActionMask = 2147483647;
			files = (
			);
			inputFileListPaths = (
				"${PODS_ROOT}/Target Support Files/Pods-MovieApp/Pods-MovieApp-frameworks-${CONFIGURATION}-input-files.xcfilelist",
			);
			name = "[CP] Embed Pods Frameworks";
			outputFileListPaths = (
				"${PODS_ROOT}/Target Support Files/Pods-MovieApp/Pods-MovieApp-frameworks-${CONFIGURATION}-output-files.xcfilelist",
			);
			runOnlyForDeploymentPostprocessing = 0;
			shellPath = /bin/sh;
			shellScript = "\"${PODS_ROOT}/Target Support Files/Pods-MovieApp/Pods-MovieApp-frameworks.sh\"\n";
			showEnvVarsInLog = 0;
		};
		B5FD0CCA73C36786BDB55B0D /* [CP] Check Pods Manifest.lock */ = {
			isa = PBXShellScriptBuildPhase;
			buildActionMask = 2147483647;
			files = (
			);
			inputFileListPaths = (
			);
			inputPaths = (
				"${PODS_PODFILE_DIR_PATH}/Podfile.lock",
				"${PODS_ROOT}/Manifest.lock",
			);
			name = "[CP] Check Pods Manifest.lock";
			outputFileListPaths = (
			);
			outputPaths = (
				"$(DERIVED_FILE_DIR)/Pods-MovieApp-checkManifestLockResult.txt",
			);
			runOnlyForDeploymentPostprocessing = 0;
			shellPath = /bin/sh;
			shellScript = "diff \"${PODS_PODFILE_DIR_PATH}/Podfile.lock\" \"${PODS_ROOT}/Manifest.lock\" > /dev/null\nif [ $? != 0 ] ; then\n    # print error to STDERR\n    echo \"error: The sandbox is not in sync with the Podfile.lock. Run 'pod install' or update your CocoaPods installation.\" >&2\n    exit 1\nfi\n# This output is used by Xcode 'outputs' to avoid re-running this script phase.\necho \"SUCCESS\" > \"${SCRIPT_OUTPUT_FILE_0}\"\n";
			showEnvVarsInLog = 0;
		};
/* End PBXShellScriptBuildPhase section */

/* Begin PBXSourcesBuildPhase section */
		26E5AFA52561817C00F590F0 /* Sources */ = {
			isa = PBXSourcesBuildPhase;
			buildActionMask = 2147483647;
			files = (
				2668626225630AE80057109F /* Dynamic.swift in Sources */,
				266862562562D40F0057109F /* ModelTVList.swift in Sources */,
				26E5AFB12561817C00F590F0 /* ViewController.swift in Sources */,
				2668625A256306A50057109F /* MovieServices.swift in Sources */,
				266862482562AD040057109F /* MovieListViewController.swift in Sources */,
				2668624F2562B2BC0057109F /* MovieTableViewCell.swift in Sources */,
				2668624B2562AD360057109F /* MovieDetailsViewController.swift in Sources */,
				26E5AFAD2561817C00F590F0 /* AppDelegate.swift in Sources */,
				2668625E256307E80057109F /* MovieListViewModel.swift in Sources */,
				26686260256308260057109F /* MovieListViewModelImp.swift in Sources */,
				26E5AFB72561817C00F590F0 /* MovieApp.xcdatamodeld in Sources */,
				26E5AFAF2561817C00F590F0 /* SceneDelegate.swift in Sources */,
				2649F1C92563C2800018B9DC /* CoreDataManager.swift in Sources */,
				266862592563041A0057109F /* Constants.swift in Sources */,
			);
			runOnlyForDeploymentPostprocessing = 0;
		};
		26E5AFBE2561818000F590F0 /* Sources */ = {
			isa = PBXSourcesBuildPhase;
			buildActionMask = 2147483647;
			files = (
				26E5AFC72561818000F590F0 /* MovieAppTests.swift in Sources */,
			);
			runOnlyForDeploymentPostprocessing = 0;
		};
/* End PBXSourcesBuildPhase section */

/* Begin PBXTargetDependency section */
		26E5AFC42561818000F590F0 /* PBXTargetDependency */ = {
			isa = PBXTargetDependency;
			target = 26E5AFA82561817C00F590F0 /* MovieApp */;
			targetProxy = 26E5AFC32561818000F590F0 /* PBXContainerItemProxy */;
		};
/* End PBXTargetDependency section */

/* Begin PBXVariantGroup section */
		26E5AFB22561817C00F590F0 /* Main.storyboard */ = {
			isa = PBXVariantGroup;
			children = (
				26E5AFB32561817C00F590F0 /* Base */,
			);
			name = Main.storyboard;
			sourceTree = "<group>";
		};
		26E5AFBA2561817F00F590F0 /* LaunchScreen.storyboard */ = {
			isa = PBXVariantGroup;
			children = (
				26E5AFBB2561817F00F590F0 /* Base */,
			);
			name = LaunchScreen.storyboard;
			sourceTree = "<group>";
		};
/* End PBXVariantGroup section */

/* Begin XCBuildConfiguration section */
		26E5AFC92561818000F590F0 /* Debug */ = {
			isa = XCBuildConfiguration;
			buildSettings = {
				ALWAYS_SEARCH_USER_PATHS = NO;
				CLANG_ANALYZER_NONNULL = YES;
				CLANG_ANALYZER_NUMBER_OBJECT_CONVERSION = YES_AGGRESSIVE;
				CLANG_CXX_LANGUAGE_STANDARD = "gnu++14";
				CLANG_CXX_LIBRARY = "libc++";
				CLANG_ENABLE_MODULES = YES;
				CLANG_ENABLE_OBJC_ARC = YES;
				CLANG_ENABLE_OBJC_WEAK = YES;
				CLANG_WARN_BLOCK_CAPTURE_AUTORELEASING = YES;
				CLANG_WARN_BOOL_CONVERSION = YES;
				CLANG_WARN_COMMA = YES;
				CLANG_WARN_CONSTANT_CONVERSION = YES;
				CLANG_WARN_DEPRECATED_OBJC_IMPLEMENTATIONS = YES;
				CLANG_WARN_DIRECT_OBJC_ISA_USAGE = YES_ERROR;
				CLANG_WARN_DOCUMENTATION_COMMENTS = YES;
				CLANG_WARN_EMPTY_BODY = YES;
				CLANG_WARN_ENUM_CONVERSION = YES;
				CLANG_WARN_INFINITE_RECURSION = YES;
				CLANG_WARN_INT_CONVERSION = YES;
				CLANG_WARN_NON_LITERAL_NULL_CONVERSION = YES;
				CLANG_WARN_OBJC_IMPLICIT_RETAIN_SELF = YES;
				CLANG_WARN_OBJC_LITERAL_CONVERSION = YES;
				CLANG_WARN_OBJC_ROOT_CLASS = YES_ERROR;
				CLANG_WARN_RANGE_LOOP_ANALYSIS = YES;
				CLANG_WARN_STRICT_PROTOTYPES = YES;
				CLANG_WARN_SUSPICIOUS_MOVE = YES;
				CLANG_WARN_UNGUARDED_AVAILABILITY = YES_AGGRESSIVE;
				CLANG_WARN_UNREACHABLE_CODE = YES;
				CLANG_WARN__DUPLICATE_METHOD_MATCH = YES;
				COPY_PHASE_STRIP = NO;
				DEBUG_INFORMATION_FORMAT = dwarf;
				ENABLE_STRICT_OBJC_MSGSEND = YES;
				ENABLE_TESTABILITY = YES;
				GCC_C_LANGUAGE_STANDARD = gnu11;
				GCC_DYNAMIC_NO_PIC = NO;
				GCC_NO_COMMON_BLOCKS = YES;
				GCC_OPTIMIZATION_LEVEL = 0;
				GCC_PREPROCESSOR_DEFINITIONS = (
					"DEBUG=1",
					"$(inherited)",
				);
				GCC_WARN_64_TO_32_BIT_CONVERSION = YES;
				GCC_WARN_ABOUT_RETURN_TYPE = YES_ERROR;
				GCC_WARN_UNDECLARED_SELECTOR = YES;
				GCC_WARN_UNINITIALIZED_AUTOS = YES_AGGRESSIVE;
				GCC_WARN_UNUSED_FUNCTION = YES;
				GCC_WARN_UNUSED_VARIABLE = YES;
				IPHONEOS_DEPLOYMENT_TARGET = 13.4;
				MTL_ENABLE_DEBUG_INFO = INCLUDE_SOURCE;
				MTL_FAST_MATH = YES;
				ONLY_ACTIVE_ARCH = YES;
				SDKROOT = iphoneos;
				SWIFT_ACTIVE_COMPILATION_CONDITIONS = DEBUG;
				SWIFT_OPTIMIZATION_LEVEL = "-Onone";
			};
			name = Debug;
		};
		26E5AFCA2561818000F590F0 /* Release */ = {
			isa = XCBuildConfiguration;
			buildSettings = {
				ALWAYS_SEARCH_USER_PATHS = NO;
				CLANG_ANALYZER_NONNULL = YES;
				CLANG_ANALYZER_NUMBER_OBJECT_CONVERSION = YES_AGGRESSIVE;
				CLANG_CXX_LANGUAGE_STANDARD = "gnu++14";
				CLANG_CXX_LIBRARY = "libc++";
				CLANG_ENABLE_MODULES = YES;
				CLANG_ENABLE_OBJC_ARC = YES;
				CLANG_ENABLE_OBJC_WEAK = YES;
				CLANG_WARN_BLOCK_CAPTURE_AUTORELEASING = YES;
				CLANG_WARN_BOOL_CONVERSION = YES;
				CLANG_WARN_COMMA = YES;
				CLANG_WARN_CONSTANT_CONVERSION = YES;
				CLANG_WARN_DEPRECATED_OBJC_IMPLEMENTATIONS = YES;
				CLANG_WARN_DIRECT_OBJC_ISA_USAGE = YES_ERROR;
				CLANG_WARN_DOCUMENTATION_COMMENTS = YES;
				CLANG_WARN_EMPTY_BODY = YES;
				CLANG_WARN_ENUM_CONVERSION = YES;
				CLANG_WARN_INFINITE_RECURSION = YES;
				CLANG_WARN_INT_CONVERSION = YES;
				CLANG_WARN_NON_LITERAL_NULL_CONVERSION = YES;
				CLANG_WARN_OBJC_IMPLICIT_RETAIN_SELF = YES;
				CLANG_WARN_OBJC_LITERAL_CONVERSION = YES;
				CLANG_WARN_OBJC_ROOT_CLASS = YES_ERROR;
				CLANG_WARN_RANGE_LOOP_ANALYSIS = YES;
				CLANG_WARN_STRICT_PROTOTYPES = YES;
				CLANG_WARN_SUSPICIOUS_MOVE = YES;
				CLANG_WARN_UNGUARDED_AVAILABILITY = YES_AGGRESSIVE;
				CLANG_WARN_UNREACHABLE_CODE = YES;
				CLANG_WARN__DUPLICATE_METHOD_MATCH = YES;
				COPY_PHASE_STRIP = NO;
				DEBUG_INFORMATION_FORMAT = "dwarf-with-dsym";
				ENABLE_NS_ASSERTIONS = NO;
				ENABLE_STRICT_OBJC_MSGSEND = YES;
				GCC_C_LANGUAGE_STANDARD = gnu11;
				GCC_NO_COMMON_BLOCKS = YES;
				GCC_WARN_64_TO_32_BIT_CONVERSION = YES;
				GCC_WARN_ABOUT_RETURN_TYPE = YES_ERROR;
				GCC_WARN_UNDECLARED_SELECTOR = YES;
				GCC_WARN_UNINITIALIZED_AUTOS = YES_AGGRESSIVE;
				GCC_WARN_UNUSED_FUNCTION = YES;
				GCC_WARN_UNUSED_VARIABLE = YES;
				IPHONEOS_DEPLOYMENT_TARGET = 13.4;
				MTL_ENABLE_DEBUG_INFO = NO;
				MTL_FAST_MATH = YES;
				SDKROOT = iphoneos;
				SWIFT_COMPILATION_MODE = wholemodule;
				SWIFT_OPTIMIZATION_LEVEL = "-O";
				VALIDATE_PRODUCT = YES;
			};
			name = Release;
		};
		26E5AFCC2561818000F590F0 /* Debug */ = {
			isa = XCBuildConfiguration;
			baseConfigurationReference = 3DD27914E1299A3467129DF2 /* Pods-MovieApp.debug.xcconfig */;
			buildSettings = {
				ASSETCATALOG_COMPILER_APPICON_NAME = AppIcon;
				CODE_SIGN_STYLE = Automatic;
				DEVELOPMENT_TEAM = QXH9USK7PQ;
				INFOPLIST_FILE = MovieApp/Info.plist;
				LD_RUNPATH_SEARCH_PATHS = (
					"$(inherited)",
					"@executable_path/Frameworks",
				);
				PRODUCT_BUNDLE_IDENTIFIER = com.movie.MovieApp;
				PRODUCT_NAME = "$(TARGET_NAME)";
				SWIFT_VERSION = 5.0;
				TARGETED_DEVICE_FAMILY = 1;
			};
			name = Debug;
		};
		26E5AFCD2561818000F590F0 /* Release */ = {
			isa = XCBuildConfiguration;
			baseConfigurationReference = A4EDB2852E725FA084AEFC77 /* Pods-MovieApp.release.xcconfig */;
			buildSettings = {
				ASSETCATALOG_COMPILER_APPICON_NAME = AppIcon;
				CODE_SIGN_STYLE = Automatic;
				DEVELOPMENT_TEAM = QXH9USK7PQ;
				INFOPLIST_FILE = MovieApp/Info.plist;
				LD_RUNPATH_SEARCH_PATHS = (
					"$(inherited)",
					"@executable_path/Frameworks",
				);
				PRODUCT_BUNDLE_IDENTIFIER = com.movie.MovieApp;
				PRODUCT_NAME = "$(TARGET_NAME)";
				SWIFT_VERSION = 5.0;
				TARGETED_DEVICE_FAMILY = 1;
			};
			name = Release;
		};
		26E5AFCF2561818000F590F0 /* Debug */ = {
			isa = XCBuildConfiguration;
			baseConfigurationReference = E93465D4B480BEF00279CDF4 /* Pods-MovieAppTests.debug.xcconfig */;
			buildSettings = {
				ALWAYS_EMBED_SWIFT_STANDARD_LIBRARIES = YES;
				BUNDLE_LOADER = "$(TEST_HOST)";
				CODE_SIGN_STYLE = Automatic;
				DEVELOPMENT_TEAM = QXH9USK7PQ;
				INFOPLIST_FILE = MovieAppTests/Info.plist;
				IPHONEOS_DEPLOYMENT_TARGET = 13.4;
				LD_RUNPATH_SEARCH_PATHS = (
					"$(inherited)",
					"@executable_path/Frameworks",
					"@loader_path/Frameworks",
				);
				PRODUCT_BUNDLE_IDENTIFIER = com.movie.MovieAppTests;
				PRODUCT_NAME = "$(TARGET_NAME)";
				SWIFT_VERSION = 5.0;
				TARGETED_DEVICE_FAMILY = "1,2";
				TEST_HOST = "$(BUILT_PRODUCTS_DIR)/MovieApp.app/MovieApp";
			};
			name = Debug;
		};
		26E5AFD02561818000F590F0 /* Release */ = {
			isa = XCBuildConfiguration;
			baseConfigurationReference = CEC854E57B767BE227CC3622 /* Pods-MovieAppTests.release.xcconfig */;
			buildSettings = {
				ALWAYS_EMBED_SWIFT_STANDARD_LIBRARIES = YES;
				BUNDLE_LOADER = "$(TEST_HOST)";
				CODE_SIGN_STYLE = Automatic;
				DEVELOPMENT_TEAM = QXH9USK7PQ;
				INFOPLIST_FILE = MovieAppTests/Info.plist;
				IPHONEOS_DEPLOYMENT_TARGET = 13.4;
				LD_RUNPATH_SEARCH_PATHS = (
					"$(inherited)",
					"@executable_path/Frameworks",
					"@loader_path/Frameworks",
				);
				PRODUCT_BUNDLE_IDENTIFIER = com.movie.MovieAppTests;
				PRODUCT_NAME = "$(TARGET_NAME)";
				SWIFT_VERSION = 5.0;
				TARGETED_DEVICE_FAMILY = "1,2";
				TEST_HOST = "$(BUILT_PRODUCTS_DIR)/MovieApp.app/MovieApp";
			};
			name = Release;
		};
/* End XCBuildConfiguration section */

/* Begin XCConfigurationList section */
		26E5AFA42561817C00F590F0 /* Build configuration list for PBXProject "MovieApp" */ = {
			isa = XCConfigurationList;
			buildConfigurations = (
				26E5AFC92561818000F590F0 /* Debug */,
				26E5AFCA2561818000F590F0 /* Release */,
			);
			defaultConfigurationIsVisible = 0;
			defaultConfigurationName = Release;
		};
		26E5AFCB2561818000F590F0 /* Build configuration list for PBXNativeTarget "MovieApp" */ = {
			isa = XCConfigurationList;
			buildConfigurations = (
				26E5AFCC2561818000F590F0 /* Debug */,
				26E5AFCD2561818000F590F0 /* Release */,
			);
			defaultConfigurationIsVisible = 0;
			defaultConfigurationName = Release;
		};
		26E5AFCE2561818000F590F0 /* Build configuration list for PBXNativeTarget "MovieAppTests" */ = {
			isa = XCConfigurationList;
			buildConfigurations = (
				26E5AFCF2561818000F590F0 /* Debug */,
				26E5AFD02561818000F590F0 /* Release */,
			);
			defaultConfigurationIsVisible = 0;
			defaultConfigurationName = Release;
		};
/* End XCConfigurationList section */

/* Begin XCVersionGroup section */
		26E5AFB52561817C00F590F0 /* MovieApp.xcdatamodeld */ = {
			isa = XCVersionGroup;
			children = (
				26E5AFB62561817C00F590F0 /* MovieApp.xcdatamodel */,
			);
			currentVersion = 26E5AFB62561817C00F590F0 /* MovieApp.xcdatamodel */;
			path = MovieApp.xcdatamodeld;
			sourceTree = "<group>";
			versionGroupType = wrapper.xcdatamodel;
		};
/* End XCVersionGroup section */
	};
	rootObject = 26E5AFA12561817C00F590F0 /* Project object */;
}
